
Microsoft Visual Studio Solution File, Format Version 12.00
# Visual Studio Version 17
VisualStudioVersion = 17.2.32630.192
MinimumVisualStudioVersion = 10.0.40219.1
Project("{FAE04EC0-301F-11D3-BF4B-00C04F79EFBC}") = "Hello", "Hello\Hello.csproj", "{4DC45DDC-40A0-4BF4-913D-A99F4A01C339}"
EndProject
Global
	GlobalSection(SolutionConfigurationPlatforms) = preSolution
		Debug|Any CPU = Debug|Any CPU
		Release|Any CPU = Release|Any CPU
	EndGlobalSection
	GlobalSection(ProjectConfigurationPlatforms) = postSolution
		{4DC45DDC-40A0-4BF4-913D-A99F4A01C339}.Debug|Any CPU.ActiveCfg = Debug|Any CPU
		{4DC45DDC-40A0-4BF4-913D-A99F4A01C339}.Debug|Any CPU.Build.0 = Debug|Any CPU
		{4DC45DDC-40A0-4BF4-913D-A99F4A01C339}.Release|Any CPU.ActiveCfg = Release|Any CPU
		{4DC45DDC-40A0-4BF4-913D-A99F4A01C339}.Release|Any CPU.Build.0 = Release|Any CPU
	EndGlobalSection
	GlobalSection(SolutionProperties) = preSolution
		HideSolutionNode = FALSE
	EndGlobalSection
	GlobalSection(ExtensibilityGlobals) = postSolution
		SolutionGuid = {DB375A69-31E0-42C4-BC97-110F93DBE036}
	EndGlobalSection
EndGlobal
